# THIS IS AN AUTOGENERATED FILE. DO NOT EDIT THIS FILE DIRECTLY.
# yarn lockfile v1


adaptive-bezier-curve@^1.0.3:
  version "1.0.3"
  resolved "https://registry.yarnpkg.com/adaptive-bezier-curve/-/adaptive-bezier-curve-1.0.3.tgz#477577abe87d7280d46ca41649f6c22646fe8227"
  integrity sha512-mDcwN284LlNAdunqnVmS0PAoDNHKze/PY8zvpCdxzyXD+ZZFeMWQ3FKNBw0VMOd9IfnhIyzAWJDXzRcWnXtoSg==

adaptive-quadratic-curve@^1.0.2:
  version "1.0.2"
  resolved "https://registry.yarnpkg.com/adaptive-quadratic-curve/-/adaptive-quadratic-curve-1.0.2.tgz#65b4190fc5711698d24f0ae7bd5fea6cda90010d"
  integrity sha512-D6NxIKnelgRDqQijGR6FQzdWPgs4bC7H54LyukFKxTkoZW4+zNemU2JevF4BuMraoxYogvAIMRc2LD5oSCL34g==

bidi-js@^1.0.2:
  version "1.0.2"
  resolved "https://registry.yarnpkg.com/bidi-js/-/bidi-js-1.0.2.tgz#1a497a762c2ddea377429d2649c9ce0f8a91527f"
  integrity sha512-rzSy/k7WdX5zOyeHHCOixGXbCHkyogkxPKL2r8QtzHmVQDiWCXUWa18bLdMWT9CYMLOYTjWpTHawuev2ouYJVw==
  dependencies:
    require-from-string "^2.0.2"

denque@^2.1.0:
  version "2.1.0"
  resolved "https://registry.yarnpkg.com/denque/-/denque-2.1.0.tgz#e93e1a6569fb5e66f16a3c2a2964617d349d6ab1"
  integrity sha512-HVQE3AAb/pxF8fQAoiqpvg9i3evqug3hoiwakOyZAwJm+6vZehbkYXZ0l4JxS+I3QxM97v5aaRNhj8v5oBhekw==

harfbuzzjs@^0.3.1:
  version "0.3.1"
  resolved "https://registry.yarnpkg.com/harfbuzzjs/-/harfbuzzjs-0.3.1.tgz#e39ef19b906f824e5b6ee85e5733d5e0cb5f59ee"
  integrity sha512-ut4BzDi4AmrKukuv2NqSqShgGHBUaJu9euswkwUR3GyebDSiPXybLJJyJS4Daakx2UWpPuZ7afXJZaje61Actw==

polygon-winding-solver@^0.0.3:
  version "0.0.3"
  resolved "https://registry.yarnpkg.com/polygon-winding-solver/-/polygon-winding-solver-0.0.3.tgz#7c2bc76894947f0849ca88864ff40149056f7d70"
  integrity sha512-s8QIjAIwJutLUeFZ+0ecl0cBo5UEkhft0pKOtGJgctv+Si1ict/pS0WI32LD4rwKwtrwVAONlWFs/WfHD2cdeA==
  dependencies:
    denque "^2.1.0"

require-from-string@^2.0.2:
  version "2.0.2"
  resolved "https://registry.yarnpkg.com/require-from-string/-/require-from-string-2.0.2.tgz#89a7fdd938261267318eafe14f9c32e598c36909"
  integrity sha512-Xf0nWe6RseziFMu+Ap9biiUbmplq6S9/p+7w7YXP/JBHhrUDDUhwa+vANyubuqfZWTveU//DYVGsDG7RKL/vEw==

typescript@^4.9.5:
  version "4.9.5"
  resolved "https://registry.yarnpkg.com/typescript/-/typescript-4.9.5.tgz#095979f9bcc0d09da324d58d03ce8f8374cbe65a"
  integrity sha512-1FXk9E2Hm+QzZQ7z+McJiHL4NW1F2EzMu9Nq9i3zAaGqibafqYwCVU6WyWAuyQRRzOlxou8xZSyXLEN8oKj24g==
